# THIS IS AN AUTOGENERATED FILE. DO NOT EDIT THIS FILE DIRECTLY.
# yarn lockfile v1


react-native-onboarding-swiper@^1.1.4:
  version "1.1.4"
  resolved "https://registry.yarnpkg.com/react-native-onboarding-swiper/-/react-native-onboarding-swiper-1.1.4.tgz#cb2d97c769542228d3904a9da13e02359ed6e3f5"
  integrity sha512-dG2J6giQpt5kKlU+Xe68E9xy+OkmC9Yf5XD7S1mJQ5VvwySfCIXnPojai0PEQ9NmbbH06k9lqN5Ik1PGYnIdVA==
  dependencies:
    tinycolor2 "^1.4.1"

tinycolor2@^1.4.1:
  version "1.4.2"
  resolved "https://registry.yarnpkg.com/tinycolor2/-/tinycolor2-1.4.2.tgz#3f6a4d1071ad07676d7fa472e1fac40a719d8803"
  integrity sha512-vJhccZPs965sV/L2sU4oRQVAos0pQXwsvTLkWYdqJ+a8Q5kPFzJTuOFwy7UniPli44NKQGAglksjvOcpo95aZA==
